
Microsoft Visual Studio Solution File, Format Version 12.00
# Visual Studio Version 16
VisualStudioVersion = 16.0.32901.82
MinimumVisualStudioVersion = 10.0.40219.1
Project("{FAE04EC0-301F-11D3-BF4B-00C04F79EFBC}") = "SOR_2", "SOR_2\SOR_2.csproj", "{B311C352-29A1-44D3-BE85-29553DB27E4C}"
EndProject
Project("{FAE04EC0-301F-11D3-BF4B-00C04F79EFBC}") = "ClientApplication", "ClientApplication\ClientApplication.csproj", "{2CC11747-0D70-4EB7-81E1-A3C7E9709EA2}"
EndProject
Global
	GlobalSection(SolutionConfigurationPlatforms) = preSolution
		Debug|Any CPU = Debug|Any CPU
		Release|Any CPU = Release|Any CPU
	EndGlobalSection
	GlobalSection(ProjectConfigurationPlatforms) = postSolution
		{B311C352-29A1-44D3-BE85-29553DB27E4C}.Debug|Any CPU.ActiveCfg = Debug|Any CPU
		{B311C352-29A1-44D3-BE85-29553DB27E4C}.Debug|Any CPU.Build.0 = Debug|Any CPU
		{B311C352-29A1-44D3-BE85-29553DB27E4C}.Release|Any CPU.ActiveCfg = Release|Any CPU
		{B311C352-29A1-44D3-BE85-29553DB27E4C}.Release|Any CPU.Build.0 = Release|Any CPU
		{2CC11747-0D70-4EB7-81E1-A3C7E9709EA2}.Debug|Any CPU.ActiveCfg = Debug|Any CPU
		{2CC11747-0D70-4EB7-81E1-A3C7E9709EA2}.Debug|Any CPU.Build.0 = Debug|Any CPU
		{2CC11747-0D70-4EB7-81E1-A3C7E9709EA2}.Release|Any CPU.ActiveCfg = Release|Any CPU
		{2CC11747-0D70-4EB7-81E1-A3C7E9709EA2}.Release|Any CPU.Build.0 = Release|Any CPU
	EndGlobalSection
	GlobalSection(SolutionProperties) = preSolution
		HideSolutionNode = FALSE
	EndGlobalSection
	GlobalSection(ExtensibilityGlobals) = postSolution
		SolutionGuid = {8AB9B1F1-44CC-4504-8F14-373289991A27}
	EndGlobalSection
EndGlobal
